
Microsoft Visual Studio Solution File, Format Version 12.00
# Visual Studio Version 17
VisualStudioVersion = 17.0.31903.59
MinimumVisualStudioVersion = 10.0.40219.1
Project("{2150E333-8FDC-42A3-9474-1A3956D46DE8}") = "src", "src", "{622C1F1B-B2C4-48BB-9B59-27D2F53C6357}"
EndProject
Project("{FAE04EC0-301F-11D3-BF4B-00C04F79EFBC}") = "Aureus.Api", "src\Aureus.Api\Aureus.Api.csproj", "{0205C0DB-3005-41DC-8041-B377147CE598}"
EndProject
Project("{FAE04EC0-301F-11D3-BF4B-00C04F79EFBC}") = "Aureus.Domain", "src\Aureus.Domain\Aureus.Domain.csproj", "{646A7E84-17DB-4685-B805-24240A394F9A}"
EndProject
Project("{FAE04EC0-301F-11D3-BF4B-00C04F79EFBC}") = "Aureus.Infrastructure", "src\Aureus.Infrastructure\Aureus.Infrastructure.csproj", "{F960880B-74DC-4542-A1C5-5D0C2D9D56B0}"
EndProject
Project("{2150E333-8FDC-42A3-9474-1A3956D46DE8}") = "tests", "tests", "{8F54846E-CD38-487A-AE1F-CBE64A0158FD}"
EndProject
Project("{FAE04EC0-301F-11D3-BF4B-00C04F79EFBC}") = "Aureus.UnitTests", "tests\Aureus.UnitTests\Aureus.UnitTests.csproj", "{C51E6062-228E-4BEE-AA2A-E394521FBDD0}"
EndProject
Project("{FAE04EC0-301F-11D3-BF4B-00C04F79EFBC}") = "Aureus.IntegrationTests", "tests\Aureus.IntegrationTests\Aureus.IntegrationTests.csproj", "{CEC309E5-7B01-4B98-884A-8EDD8FE9FB5C}"
EndProject
Project("{FAE04EC0-301F-11D3-BF4B-00C04F79EFBC}") = "Aureus.UseCases", "src\Aureus.UseCases\Aureus.UseCases.csproj", "{AD632BC8-01B4-4AC1-BC84-159EC7F199F9}"
EndProject
Project("{FAE04EC0-301F-11D3-BF4B-00C04F79EFBC}") = "Aureus.Postgres", "src\Aureus.Postgres\Aureus.Postgres.csproj", "{B1234567-ABCD-EF01-2345-6789ABCDEF01}"
EndProject
Project("{FAE04EC0-301F-11D3-BF4B-00C04F79EFBC}") = "Aureus.Persistence", "src\Aureus.Persistence\Aureus.Persistence.csproj", "{0A212C50-B57F-44FA-BBB7-FF482B86F755}"
EndProject
Global
	GlobalSection(SolutionConfigurationPlatforms) = preSolution
		Debug|Any CPU = Debug|Any CPU
		Release|Any CPU = Release|Any CPU
	EndGlobalSection
	GlobalSection(SolutionProperties) = preSolution
		HideSolutionNode = FALSE
	EndGlobalSection
	GlobalSection(ProjectConfigurationPlatforms) = postSolution
		{0205C0DB-3005-41DC-8041-B377147CE598}.Debug|Any CPU.ActiveCfg = Debug|Any CPU
		{0205C0DB-3005-41DC-8041-B377147CE598}.Debug|Any CPU.Build.0 = Debug|Any CPU
		{0205C0DB-3005-41DC-8041-B377147CE598}.Release|Any CPU.ActiveCfg = Release|Any CPU
		{0205C0DB-3005-41DC-8041-B377147CE598}.Release|Any CPU.Build.0 = Release|Any CPU
		{646A7E84-17DB-4685-B805-24240A394F9A}.Debug|Any CPU.ActiveCfg = Debug|Any CPU
		{646A7E84-17DB-4685-B805-24240A394F9A}.Debug|Any CPU.Build.0 = Debug|Any CPU
		{646A7E84-17DB-4685-B805-24240A394F9A}.Release|Any CPU.ActiveCfg = Release|Any CPU
		{646A7E84-17DB-4685-B805-24240A394F9A}.Release|Any CPU.Build.0 = Release|Any CPU
		{F960880B-74DC-4542-A1C5-5D0C2D9D56B0}.Debug|Any CPU.ActiveCfg = Debug|Any CPU
		{F960880B-74DC-4542-A1C5-5D0C2D9D56B0}.Debug|Any CPU.Build.0 = Debug|Any CPU
		{F960880B-74DC-4542-A1C5-5D0C2D9D56B0}.Release|Any CPU.ActiveCfg = Release|Any CPU
		{F960880B-74DC-4542-A1C5-5D0C2D9D56B0}.Release|Any CPU.Build.0 = Release|Any CPU
		{C51E6062-228E-4BEE-AA2A-E394521FBDD0}.Debug|Any CPU.ActiveCfg = Debug|Any CPU
		{C51E6062-228E-4BEE-AA2A-E394521FBDD0}.Debug|Any CPU.Build.0 = Debug|Any CPU
		{C51E6062-228E-4BEE-AA2A-E394521FBDD0}.Release|Any CPU.ActiveCfg = Release|Any CPU
		{C51E6062-228E-4BEE-AA2A-E394521FBDD0}.Release|Any CPU.Build.0 = Release|Any CPU
		{CEC309E5-7B01-4B98-884A-8EDD8FE9FB5C}.Debug|Any CPU.ActiveCfg = Debug|Any CPU
		{CEC309E5-7B01-4B98-884A-8EDD8FE9FB5C}.Debug|Any CPU.Build.0 = Debug|Any CPU
		{CEC309E5-7B01-4B98-884A-8EDD8FE9FB5C}.Release|Any CPU.ActiveCfg = Release|Any CPU
		{CEC309E5-7B01-4B98-884A-8EDD8FE9FB5C}.Release|Any CPU.Build.0 = Release|Any CPU
		{AD632BC8-01B4-4AC1-BC84-159EC7F199F9}.Debug|Any CPU.ActiveCfg = Debug|Any CPU
		{AD632BC8-01B4-4AC1-BC84-159EC7F199F9}.Debug|Any CPU.Build.0 = Debug|Any CPU
		{AD632BC8-01B4-4AC1-BC84-159EC7F199F9}.Release|Any CPU.ActiveCfg = Release|Any CPU
		{AD632BC8-01B4-4AC1-BC84-159EC7F199F9}.Release|Any CPU.Build.0 = Release|Any CPU
		{B1234567-ABCD-EF01-2345-6789ABCDEF01}.Debug|Any CPU.ActiveCfg = Debug|Any CPU
		{B1234567-ABCD-EF01-2345-6789ABCDEF01}.Debug|Any CPU.Build.0 = Debug|Any CPU
		{B1234567-ABCD-EF01-2345-6789ABCDEF01}.Release|Any CPU.ActiveCfg = Release|Any CPU
		{B1234567-ABCD-EF01-2345-6789ABCDEF01}.Release|Any CPU.Build.0 = Release|Any CPU
		{0A212C50-B57F-44FA-BBB7-FF482B86F755}.Debug|Any CPU.ActiveCfg = Debug|Any CPU
		{0A212C50-B57F-44FA-BBB7-FF482B86F755}.Debug|Any CPU.Build.0 = Debug|Any CPU
		{0A212C50-B57F-44FA-BBB7-FF482B86F755}.Release|Any CPU.ActiveCfg = Release|Any CPU
		{0A212C50-B57F-44FA-BBB7-FF482B86F755}.Release|Any CPU.Build.0 = Release|Any CPU
	EndGlobalSection
	GlobalSection(NestedProjects) = preSolution
		{0205C0DB-3005-41DC-8041-B377147CE598} = {622C1F1B-B2C4-48BB-9B59-27D2F53C6357}
		{646A7E84-17DB-4685-B805-24240A394F9A} = {622C1F1B-B2C4-48BB-9B59-27D2F53C6357}
		{F960880B-74DC-4542-A1C5-5D0C2D9D56B0} = {622C1F1B-B2C4-48BB-9B59-27D2F53C6357}
		{C51E6062-228E-4BEE-AA2A-E394521FBDD0} = {8F54846E-CD38-487A-AE1F-CBE64A0158FD}
		{CEC309E5-7B01-4B98-884A-8EDD8FE9FB5C} = {8F54846E-CD38-487A-AE1F-CBE64A0158FD}
		{AD632BC8-01B4-4AC1-BC84-159EC7F199F9} = {622C1F1B-B2C4-48BB-9B59-27D2F53C6357}
		{B1234567-ABCD-EF01-2345-6789ABCDEF01} = {622C1F1B-B2C4-48BB-9B59-27D2F53C6357}
		{0A212C50-B57F-44FA-BBB7-FF482B86F755} = {622C1F1B-B2C4-48BB-9B59-27D2F53C6357}
	EndGlobalSection
EndGlobal
